
Microsoft Visual Studio Solution File, Format Version 12.00
# Visual Studio Version 17
VisualStudioVersion = 17.11.35208.52
MinimumVisualStudioVersion = 10.0.40219.1
Project("{FAE04EC0-301F-11D3-BF4B-00C04F79EFBC}") = "FL-FARMACIAS", "FL-FARMACIAS\FL-FARMACIAS.csproj", "{70B6A468-3CB7-4AC9-8754-5BF5A7472C3D}"
EndProject
Global
	GlobalSection(SolutionConfigurationPlatforms) = preSolution
		Debug|Any CPU = Debug|Any CPU
		Release|Any CPU = Release|Any CPU
	EndGlobalSection
	GlobalSection(ProjectConfigurationPlatforms) = postSolution
		{70B6A468-3CB7-4AC9-8754-5BF5A7472C3D}.Debug|Any CPU.ActiveCfg = Debug|Any CPU
		{70B6A468-3CB7-4AC9-8754-5BF5A7472C3D}.Debug|Any CPU.Build.0 = Debug|Any CPU
		{70B6A468-3CB7-4AC9-8754-5BF5A7472C3D}.Release|Any CPU.ActiveCfg = Release|Any CPU
		{70B6A468-3CB7-4AC9-8754-5BF5A7472C3D}.Release|Any CPU.Build.0 = Release|Any CPU
	EndGlobalSection
	GlobalSection(SolutionProperties) = preSolution
		HideSolutionNode = FALSE
	EndGlobalSection
	GlobalSection(ExtensibilityGlobals) = postSolution
		SolutionGuid = {370AF79A-1C71-4A7D-B795-279B491A629C}
	EndGlobalSection
EndGlobal
